
Microsoft Visual Studio Solution File, Format Version 12.00
# Visual Studio Version 17
VisualStudioVersion = 17.14.36109.1 d17.14
MinimumVisualStudioVersion = 10.0.40219.1
Project("{FAE04EC0-301F-11D3-BF4B-00C04F79EFBC}") = "CriptoMoed", "CriptoMoed.csproj", "{17B3AED9-E7FE-46D9-933E-888525DE235D}"
EndProject
Global
	GlobalSection(SolutionConfigurationPlatforms) = preSolution
		Debug|Any CPU = Debug|Any CPU
		Release|Any CPU = Release|Any CPU
	EndGlobalSection
	GlobalSection(ProjectConfigurationPlatforms) = postSolution
		{17B3AED9-E7FE-46D9-933E-888525DE235D}.Debug|Any CPU.ActiveCfg = Debug|Any CPU
		{17B3AED9-E7FE-46D9-933E-888525DE235D}.Debug|Any CPU.Build.0 = Debug|Any CPU
		{17B3AED9-E7FE-46D9-933E-888525DE235D}.Release|Any CPU.ActiveCfg = Release|Any CPU
		{17B3AED9-E7FE-46D9-933E-888525DE235D}.Release|Any CPU.Build.0 = Release|Any CPU
	EndGlobalSection
	GlobalSection(SolutionProperties) = preSolution
		HideSolutionNode = FALSE
	EndGlobalSection
	GlobalSection(ExtensibilityGlobals) = postSolution
		SolutionGuid = {78A98D3B-29B7-4131-BD1D-AF9338A1F166}
	EndGlobalSection
EndGlobal
